
Microsoft Visual Studio Solution File, Format Version 12.00
Project("{FAE04EC0-301F-11D3-BF4B-00C04F79EFBC}") = "ParsesVMPLogs", "ParsesVMPLogs\ParsesVMPLogs.csproj", "{A8BB15D9-D907-490F-9449-EC8DD95EF16A}"
EndProject
Global
	GlobalSection(SolutionConfigurationPlatforms) = preSolution
		Debug|Any CPU = Debug|Any CPU
		Release|Any CPU = Release|Any CPU
	EndGlobalSection
	GlobalSection(ProjectConfigurationPlatforms) = postSolution
		{A8BB15D9-D907-490F-9449-EC8DD95EF16A}.Debug|Any CPU.ActiveCfg = Debug|Any CPU
		{A8BB15D9-D907-490F-9449-EC8DD95EF16A}.Debug|Any CPU.Build.0 = Debug|Any CPU
		{A8BB15D9-D907-490F-9449-EC8DD95EF16A}.Release|Any CPU.ActiveCfg = Release|Any CPU
		{A8BB15D9-D907-490F-9449-EC8DD95EF16A}.Release|Any CPU.Build.0 = Release|Any CPU
	EndGlobalSection
EndGlobal
